
Microsoft Visual Studio Solution File, Format Version 12.00
# Visual Studio Version 17
VisualStudioVersion = 17.0.31903.59
MinimumVisualStudioVersion = 10.0.40219.1
Project("{2150E333-8FDC-42A3-9474-1A3956D46DE8}") = "src", "src", "{1FF95A92-A3AD-4FA4-A92C-0434022F7173}"
EndProject
Project("{FAE04EC0-301F-11D3-BF4B-00C04F79EFBC}") = "InMemoryCosmosDbMock", "src\InMemoryCosmosDbMock\InMemoryCosmosDbMock.csproj", "{E336379E-3C84-4FFC-A998-D58710029CDC}"
EndProject
Project("{2150E333-8FDC-42A3-9474-1A3956D46DE8}") = "tests", "tests", "{170B9409-CD8B-493D-A54F-5DE89CF9536C}"
EndProject
Project("{FAE04EC0-301F-11D3-BF4B-00C04F79EFBC}") = "InMemoryCosmosDbMock.Tests", "tests\InMemoryCosmosDbMock.Tests\InMemoryCosmosDbMock.Tests.csproj", "{D85CC154-30A9-4676-A17F-24DE7733F94D}"
EndProject
Global
	GlobalSection(SolutionConfigurationPlatforms) = preSolution
		Debug|Any CPU = Debug|Any CPU
		Release|Any CPU = Release|Any CPU
	EndGlobalSection
	GlobalSection(SolutionProperties) = preSolution
		HideSolutionNode = FALSE
	EndGlobalSection
	GlobalSection(ProjectConfigurationPlatforms) = postSolution
		{E336379E-3C84-4FFC-A998-D58710029CDC}.Debug|Any CPU.ActiveCfg = Debug|Any CPU
		{E336379E-3C84-4FFC-A998-D58710029CDC}.Debug|Any CPU.Build.0 = Debug|Any CPU
		{E336379E-3C84-4FFC-A998-D58710029CDC}.Release|Any CPU.ActiveCfg = Release|Any CPU
		{E336379E-3C84-4FFC-A998-D58710029CDC}.Release|Any CPU.Build.0 = Release|Any CPU
		{D85CC154-30A9-4676-A17F-24DE7733F94D}.Debug|Any CPU.ActiveCfg = Debug|Any CPU
		{D85CC154-30A9-4676-A17F-24DE7733F94D}.Debug|Any CPU.Build.0 = Debug|Any CPU
		{D85CC154-30A9-4676-A17F-24DE7733F94D}.Release|Any CPU.ActiveCfg = Release|Any CPU
		{D85CC154-30A9-4676-A17F-24DE7733F94D}.Release|Any CPU.Build.0 = Release|Any CPU
	EndGlobalSection
	GlobalSection(NestedProjects) = preSolution
		{E336379E-3C84-4FFC-A998-D58710029CDC} = {1FF95A92-A3AD-4FA4-A92C-0434022F7173}
		{D85CC154-30A9-4676-A17F-24DE7733F94D} = {170B9409-CD8B-493D-A54F-5DE89CF9536C}
	EndGlobalSection
EndGlobal
